
Microsoft Visual Studio Solution File, Format Version 12.00
# Visual Studio Version 17
VisualStudioVersion = 17.2.32317.152
MinimumVisualStudioVersion = 10.0.40219.1
Project("{2150E333-8FDC-42A3-9474-1A3956D46DE8}") = "Application", "Application", "{EF01E8A5-25CC-428A-9005-197755844279}"
EndProject
Project("{2150E333-8FDC-42A3-9474-1A3956D46DE8}") = "Infrastructure", "Infrastructure", "{50E45288-D133-43D6-8FAC-6B8A9C8FE3E5}"
EndProject
Project("{2150E333-8FDC-42A3-9474-1A3956D46DE8}") = "Presentation", "Presentation", "{0CDCD386-2B7C-4EC9-AE7A-0B20828BFEB4}"
EndProject
Project("{2150E333-8FDC-42A3-9474-1A3956D46DE8}") = "Tests", "Tests", "{05B10E1B-3EB6-4131-94A2-5CA9A10CA438}"
EndProject
Project("{9A19103F-16F7-4668-BE54-9A1E7A4F7556}") = "Tamgly.Application", "Application\Tamgly.Application\Tamgly.Application.csproj", "{1A4E0990-925A-4A6E-98D6-DC98DE945F44}"
EndProject
Project("{9A19103F-16F7-4668-BE54-9A1E7A4F7556}") = "Tamgly.Common", "Application\Tamgly.Common\Tamgly.Common.csproj", "{DF3D4850-88A6-407D-980C-CDB109E461CC}"
EndProject
Project("{9A19103F-16F7-4668-BE54-9A1E7A4F7556}") = "Tamgly.Core", "Application\Tamgly.Core\Tamgly.Core.csproj", "{76EFBCC5-4AF8-4D50-A97C-845118CAF937}"
EndProject
Project("{9A19103F-16F7-4668-BE54-9A1E7A4F7556}") = "Tamgly.DataAccess", "Application\Tamgly.DataAccess\Tamgly.DataAccess.csproj", "{65E0794F-0CA7-4102-962E-90ECD54D4A66}"
EndProject
Project("{9A19103F-16F7-4668-BE54-9A1E7A4F7556}") = "Tamgly.Mapping", "Application\Tamgly.Mapping\Tamgly.Mapping.csproj", "{0CEB1A73-8405-42AA-B467-C43C56E51EBF}"
EndProject
Project("{9A19103F-16F7-4668-BE54-9A1E7A4F7556}") = "Tamgly.RepetitiveEvents", "Application\Tamgly.RepetitiveEvents\Tamgly.RepetitiveEvents.csproj", "{90BC64C5-0049-4E0A-BDAB-EA3D629F41E2}"
EndProject
Project("{9A19103F-16F7-4668-BE54-9A1E7A4F7556}") = "Tamgly.ResultExport.Abstractions", "Application\Tamgly.ResultExport.Abstractions\Tamgly.ResultExport.Abstractions.csproj", "{204F22C7-6061-424E-B813-B31B20DB9361}"
EndProject
Project("{9A19103F-16F7-4668-BE54-9A1E7A4F7556}") = "Tamgly.WorkItemStorage.Abstractions", "Application\Tamgly.WorkItemStorage.Abstractions\Tamgly.WorkItemStorage.Abstractions.csproj", "{B044F57F-6018-4476-BDE4-B05277224384}"
EndProject
Project("{9A19103F-16F7-4668-BE54-9A1E7A4F7556}") = "Tamgly.DataAccess.EntityFrameworkAdapter", "Infrastructure\Tamgly.DataAccess.EntityFrameworkAdapter\Tamgly.DataAccess.EntityFrameworkAdapter.csproj", "{C2B5632C-52DB-4AC6-B735-387B0ADBF3C0}"
EndProject
Project("{9A19103F-16F7-4668-BE54-9A1E7A4F7556}") = "Tamgly.Integration.ExcelAdapter", "Infrastructure\Tamgly.Integration.ExcelAdapter\Tamgly.Integration.ExcelAdapter.csproj", "{8D6CD795-AFD5-4C68-8EC9-C679F9694E26}"
EndProject
Project("{9A19103F-16F7-4668-BE54-9A1E7A4F7556}") = "Tamgly.Integration.MicrosoftGraphAdapter", "Infrastructure\Tamgly.Integration.MicrosoftGraphAdapter\Tamgly.Integration.MicrosoftGraphAdapter.csproj", "{6DF596FF-855A-4026-B981-64203AB7CE9E}"
EndProject
Project("{9A19103F-16F7-4668-BE54-9A1E7A4F7556}") = "Tamgly.ConsoleClient", "Presentation\Tamgly.ConsoleClient\Tamgly.ConsoleClient.csproj", "{F67BC84A-8190-4E06-B86B-C4F7D52AF111}"
EndProject
Project("{9A19103F-16F7-4668-BE54-9A1E7A4F7556}") = "Tamgly.Playground", "Tests\Tamgly.Playground\Tamgly.Playground.csproj", "{BFF869CF-298C-45CF-9CDC-C8ADB70C802C}"
EndProject
Project("{9A19103F-16F7-4668-BE54-9A1E7A4F7556}") = "Tamgly.Tests", "Tests\Tamgly.Tests\Tamgly.Tests.csproj", "{98FD92D7-D823-452E-80A5-BE4B91D511C8}"
EndProject
Global
	GlobalSection(SolutionConfigurationPlatforms) = preSolution
		Debug|Any CPU = Debug|Any CPU
		Release|Any CPU = Release|Any CPU
	EndGlobalSection
	GlobalSection(ProjectConfigurationPlatforms) = postSolution
		{1A4E0990-925A-4A6E-98D6-DC98DE945F44}.Debug|Any CPU.ActiveCfg = Debug|Any CPU
		{1A4E0990-925A-4A6E-98D6-DC98DE945F44}.Debug|Any CPU.Build.0 = Debug|Any CPU
		{1A4E0990-925A-4A6E-98D6-DC98DE945F44}.Release|Any CPU.ActiveCfg = Release|Any CPU
		{1A4E0990-925A-4A6E-98D6-DC98DE945F44}.Release|Any CPU.Build.0 = Release|Any CPU
		{DF3D4850-88A6-407D-980C-CDB109E461CC}.Debug|Any CPU.ActiveCfg = Debug|Any CPU
		{DF3D4850-88A6-407D-980C-CDB109E461CC}.Debug|Any CPU.Build.0 = Debug|Any CPU
		{DF3D4850-88A6-407D-980C-CDB109E461CC}.Release|Any CPU.ActiveCfg = Release|Any CPU
		{DF3D4850-88A6-407D-980C-CDB109E461CC}.Release|Any CPU.Build.0 = Release|Any CPU
		{76EFBCC5-4AF8-4D50-A97C-845118CAF937}.Debug|Any CPU.ActiveCfg = Debug|Any CPU
		{76EFBCC5-4AF8-4D50-A97C-845118CAF937}.Debug|Any CPU.Build.0 = Debug|Any CPU
		{76EFBCC5-4AF8-4D50-A97C-845118CAF937}.Release|Any CPU.ActiveCfg = Release|Any CPU
		{76EFBCC5-4AF8-4D50-A97C-845118CAF937}.Release|Any CPU.Build.0 = Release|Any CPU
		{65E0794F-0CA7-4102-962E-90ECD54D4A66}.Debug|Any CPU.ActiveCfg = Debug|Any CPU
		{65E0794F-0CA7-4102-962E-90ECD54D4A66}.Debug|Any CPU.Build.0 = Debug|Any CPU
		{65E0794F-0CA7-4102-962E-90ECD54D4A66}.Release|Any CPU.ActiveCfg = Release|Any CPU
		{65E0794F-0CA7-4102-962E-90ECD54D4A66}.Release|Any CPU.Build.0 = Release|Any CPU
		{0CEB1A73-8405-42AA-B467-C43C56E51EBF}.Debug|Any CPU.ActiveCfg = Debug|Any CPU
		{0CEB1A73-8405-42AA-B467-C43C56E51EBF}.Debug|Any CPU.Build.0 = Debug|Any CPU
		{0CEB1A73-8405-42AA-B467-C43C56E51EBF}.Release|Any CPU.ActiveCfg = Release|Any CPU
		{0CEB1A73-8405-42AA-B467-C43C56E51EBF}.Release|Any CPU.Build.0 = Release|Any CPU
		{90BC64C5-0049-4E0A-BDAB-EA3D629F41E2}.Debug|Any CPU.ActiveCfg = Debug|Any CPU
		{90BC64C5-0049-4E0A-BDAB-EA3D629F41E2}.Debug|Any CPU.Build.0 = Debug|Any CPU
		{90BC64C5-0049-4E0A-BDAB-EA3D629F41E2}.Release|Any CPU.ActiveCfg = Release|Any CPU
		{90BC64C5-0049-4E0A-BDAB-EA3D629F41E2}.Release|Any CPU.Build.0 = Release|Any CPU
		{204F22C7-6061-424E-B813-B31B20DB9361}.Debug|Any CPU.ActiveCfg = Debug|Any CPU
		{204F22C7-6061-424E-B813-B31B20DB9361}.Debug|Any CPU.Build.0 = Debug|Any CPU
		{204F22C7-6061-424E-B813-B31B20DB9361}.Release|Any CPU.ActiveCfg = Release|Any CPU
		{204F22C7-6061-424E-B813-B31B20DB9361}.Release|Any CPU.Build.0 = Release|Any CPU
		{B044F57F-6018-4476-BDE4-B05277224384}.Debug|Any CPU.ActiveCfg = Debug|Any CPU
		{B044F57F-6018-4476-BDE4-B05277224384}.Debug|Any CPU.Build.0 = Debug|Any CPU
		{B044F57F-6018-4476-BDE4-B05277224384}.Release|Any CPU.ActiveCfg = Release|Any CPU
		{B044F57F-6018-4476-BDE4-B05277224384}.Release|Any CPU.Build.0 = Release|Any CPU
		{C2B5632C-52DB-4AC6-B735-387B0ADBF3C0}.Debug|Any CPU.ActiveCfg = Debug|Any CPU
		{C2B5632C-52DB-4AC6-B735-387B0ADBF3C0}.Debug|Any CPU.Build.0 = Debug|Any CPU
		{C2B5632C-52DB-4AC6-B735-387B0ADBF3C0}.Release|Any CPU.ActiveCfg = Release|Any CPU
		{C2B5632C-52DB-4AC6-B735-387B0ADBF3C0}.Release|Any CPU.Build.0 = Release|Any CPU
		{8D6CD795-AFD5-4C68-8EC9-C679F9694E26}.Debug|Any CPU.ActiveCfg = Debug|Any CPU
		{8D6CD795-AFD5-4C68-8EC9-C679F9694E26}.Debug|Any CPU.Build.0 = Debug|Any CPU
		{8D6CD795-AFD5-4C68-8EC9-C679F9694E26}.Release|Any CPU.ActiveCfg = Release|Any CPU
		{8D6CD795-AFD5-4C68-8EC9-C679F9694E26}.Release|Any CPU.Build.0 = Release|Any CPU
		{6DF596FF-855A-4026-B981-64203AB7CE9E}.Debug|Any CPU.ActiveCfg = Debug|Any CPU
		{6DF596FF-855A-4026-B981-64203AB7CE9E}.Debug|Any CPU.Build.0 = Debug|Any CPU
		{6DF596FF-855A-4026-B981-64203AB7CE9E}.Release|Any CPU.ActiveCfg = Release|Any CPU
		{6DF596FF-855A-4026-B981-64203AB7CE9E}.Release|Any CPU.Build.0 = Release|Any CPU
		{F67BC84A-8190-4E06-B86B-C4F7D52AF111}.Debug|Any CPU.ActiveCfg = Debug|Any CPU
		{F67BC84A-8190-4E06-B86B-C4F7D52AF111}.Debug|Any CPU.Build.0 = Debug|Any CPU
		{F67BC84A-8190-4E06-B86B-C4F7D52AF111}.Release|Any CPU.ActiveCfg = Release|Any CPU
		{F67BC84A-8190-4E06-B86B-C4F7D52AF111}.Release|Any CPU.Build.0 = Release|Any CPU
		{BFF869CF-298C-45CF-9CDC-C8ADB70C802C}.Debug|Any CPU.ActiveCfg = Debug|Any CPU
		{BFF869CF-298C-45CF-9CDC-C8ADB70C802C}.Debug|Any CPU.Build.0 = Debug|Any CPU
		{BFF869CF-298C-45CF-9CDC-C8ADB70C802C}.Release|Any CPU.ActiveCfg = Release|Any CPU
		{BFF869CF-298C-45CF-9CDC-C8ADB70C802C}.Release|Any CPU.Build.0 = Release|Any CPU
		{98FD92D7-D823-452E-80A5-BE4B91D511C8}.Debug|Any CPU.ActiveCfg = Debug|Any CPU
		{98FD92D7-D823-452E-80A5-BE4B91D511C8}.Debug|Any CPU.Build.0 = Debug|Any CPU
		{98FD92D7-D823-452E-80A5-BE4B91D511C8}.Release|Any CPU.ActiveCfg = Release|Any CPU
		{98FD92D7-D823-452E-80A5-BE4B91D511C8}.Release|Any CPU.Build.0 = Release|Any CPU
	EndGlobalSection
	GlobalSection(SolutionProperties) = preSolution
		HideSolutionNode = FALSE
	EndGlobalSection
	GlobalSection(NestedProjects) = preSolution
		{1A4E0990-925A-4A6E-98D6-DC98DE945F44} = {EF01E8A5-25CC-428A-9005-197755844279}
		{DF3D4850-88A6-407D-980C-CDB109E461CC} = {EF01E8A5-25CC-428A-9005-197755844279}
		{76EFBCC5-4AF8-4D50-A97C-845118CAF937} = {EF01E8A5-25CC-428A-9005-197755844279}
		{65E0794F-0CA7-4102-962E-90ECD54D4A66} = {EF01E8A5-25CC-428A-9005-197755844279}
		{0CEB1A73-8405-42AA-B467-C43C56E51EBF} = {EF01E8A5-25CC-428A-9005-197755844279}
		{90BC64C5-0049-4E0A-BDAB-EA3D629F41E2} = {EF01E8A5-25CC-428A-9005-197755844279}
		{204F22C7-6061-424E-B813-B31B20DB9361} = {EF01E8A5-25CC-428A-9005-197755844279}
		{B044F57F-6018-4476-BDE4-B05277224384} = {EF01E8A5-25CC-428A-9005-197755844279}
		{C2B5632C-52DB-4AC6-B735-387B0ADBF3C0} = {50E45288-D133-43D6-8FAC-6B8A9C8FE3E5}
		{8D6CD795-AFD5-4C68-8EC9-C679F9694E26} = {50E45288-D133-43D6-8FAC-6B8A9C8FE3E5}
		{6DF596FF-855A-4026-B981-64203AB7CE9E} = {50E45288-D133-43D6-8FAC-6B8A9C8FE3E5}
		{F67BC84A-8190-4E06-B86B-C4F7D52AF111} = {0CDCD386-2B7C-4EC9-AE7A-0B20828BFEB4}
		{BFF869CF-298C-45CF-9CDC-C8ADB70C802C} = {05B10E1B-3EB6-4131-94A2-5CA9A10CA438}
		{98FD92D7-D823-452E-80A5-BE4B91D511C8} = {05B10E1B-3EB6-4131-94A2-5CA9A10CA438}
	EndGlobalSection
	GlobalSection(ExtensibilityGlobals) = postSolution
		SolutionGuid = {048117B9-3C62-4AB4-8EFE-2DA7EEE31D03}
	EndGlobalSection
EndGlobal
